{
  "object": {
    "pins": [
      {
        "package": "ElegantPages",
        "repositoryURL": "https://github.com/ernestoSk13/ElegantPagesSK.git",
        "state": {
          "branch": "main",
          "revision": "b9ca2b3a5ad625513d8218e2dbb320a10adf666b",
          "version": null
        }
      }
    ]
  },
  "version": 1
}
